
Microsoft Visual Studio Solution File, Format Version 12.00
# Visual Studio 14
VisualStudioVersion = 14.0.22823.1
MinimumVisualStudioVersion = 10.0.40219.1
Project("{2150E333-8FDC-42A3-9474-1A3956D46DE8}") = "build", "build", "{38E97CAA-B0BB-4DF6-B1F3-62972C7AA06B}"
	ProjectSection(SolutionItems) = preProject
		..\.gitattributes = ..\.gitattributes
		..\.gitignore = ..\.gitignore
		..\LICENSE = ..\LICENSE
		..\metamorphic.msbuild = ..\metamorphic.msbuild
		..\nuget.config = ..\nuget.config
		..\packages.config = ..\packages.config
		..\README.md = ..\README.md
		..\settings.props = ..\settings.props
	EndProjectSection
EndProject
Project("{FAE04EC0-301F-11D3-BF4B-00C04F79EFBC}") = "Metamorphic.Agent", "Metamorphic.Agent\Metamorphic.Agent.csproj", "{991DADC5-FC26-4AAA-81BE-6C35DBC8A8F5}"
EndProject
Project("{FAE04EC0-301F-11D3-BF4B-00C04F79EFBC}") = "Metamorphic.Server", "Metamorphic.Server\Metamorphic.Server.csproj", "{5083E0C3-486C-48D7-971C-7F04CEC98B11}"
EndProject
Project("{FAE04EC0-301F-11D3-BF4B-00C04F79EFBC}") = "Metamorphic.Core", "Metamorphic.Core\Metamorphic.Core.csproj", "{48FD1176-8944-4424-911F-76903B0BD61F}"
EndProject
Project("{FAE04EC0-301F-11D3-BF4B-00C04F79EFBC}") = "Test.Unit.Core", "Test.Unit.Core\Test.Unit.Core.csproj", "{6DC017A8-C1B9-48FD-BDB4-968F33008639}"
EndProject
Global
	GlobalSection(SolutionConfigurationPlatforms) = preSolution
		Debug|Any CPU = Debug|Any CPU
		Deploy|Any CPU = Deploy|Any CPU
		Release|Any CPU = Release|Any CPU
	EndGlobalSection
	GlobalSection(ProjectConfigurationPlatforms) = postSolution
		{991DADC5-FC26-4AAA-81BE-6C35DBC8A8F5}.Debug|Any CPU.ActiveCfg = Debug|Any CPU
		{991DADC5-FC26-4AAA-81BE-6C35DBC8A8F5}.Debug|Any CPU.Build.0 = Debug|Any CPU
		{991DADC5-FC26-4AAA-81BE-6C35DBC8A8F5}.Deploy|Any CPU.ActiveCfg = Deploy|Any CPU
		{991DADC5-FC26-4AAA-81BE-6C35DBC8A8F5}.Deploy|Any CPU.Build.0 = Deploy|Any CPU
		{991DADC5-FC26-4AAA-81BE-6C35DBC8A8F5}.Release|Any CPU.ActiveCfg = Release|Any CPU
		{991DADC5-FC26-4AAA-81BE-6C35DBC8A8F5}.Release|Any CPU.Build.0 = Release|Any CPU
		{5083E0C3-486C-48D7-971C-7F04CEC98B11}.Debug|Any CPU.ActiveCfg = Debug|Any CPU
		{5083E0C3-486C-48D7-971C-7F04CEC98B11}.Debug|Any CPU.Build.0 = Debug|Any CPU
		{5083E0C3-486C-48D7-971C-7F04CEC98B11}.Deploy|Any CPU.ActiveCfg = Deploy|Any CPU
		{5083E0C3-486C-48D7-971C-7F04CEC98B11}.Deploy|Any CPU.Build.0 = Deploy|Any CPU
		{5083E0C3-486C-48D7-971C-7F04CEC98B11}.Release|Any CPU.ActiveCfg = Release|Any CPU
		{5083E0C3-486C-48D7-971C-7F04CEC98B11}.Release|Any CPU.Build.0 = Release|Any CPU
		{48FD1176-8944-4424-911F-76903B0BD61F}.Debug|Any CPU.ActiveCfg = Debug|Any CPU
		{48FD1176-8944-4424-911F-76903B0BD61F}.Debug|Any CPU.Build.0 = Debug|Any CPU
		{48FD1176-8944-4424-911F-76903B0BD61F}.Deploy|Any CPU.ActiveCfg = Deploy|Any CPU
		{48FD1176-8944-4424-911F-76903B0BD61F}.Deploy|Any CPU.Build.0 = Deploy|Any CPU
		{48FD1176-8944-4424-911F-76903B0BD61F}.Release|Any CPU.ActiveCfg = Release|Any CPU
		{48FD1176-8944-4424-911F-76903B0BD61F}.Release|Any CPU.Build.0 = Release|Any CPU
		{6DC017A8-C1B9-48FD-BDB4-968F33008639}.Debug|Any CPU.ActiveCfg = Debug|Any CPU
		{6DC017A8-C1B9-48FD-BDB4-968F33008639}.Debug|Any CPU.Build.0 = Debug|Any CPU
		{6DC017A8-C1B9-48FD-BDB4-968F33008639}.Deploy|Any CPU.ActiveCfg = Debug|Any CPU
		{6DC017A8-C1B9-48FD-BDB4-968F33008639}.Release|Any CPU.ActiveCfg = Release|Any CPU
		{6DC017A8-C1B9-48FD-BDB4-968F33008639}.Release|Any CPU.Build.0 = Release|Any CPU
	EndGlobalSection
	GlobalSection(SolutionProperties) = preSolution
		HideSolutionNode = FALSE
	EndGlobalSection
EndGlobal
