
Microsoft Visual Studio Solution File, Format Version 12.00
# Visual Studio 14
VisualStudioVersion = 14.0.25123.0
MinimumVisualStudioVersion = 10.0.40219.1
Project("{2150E333-8FDC-42A3-9474-1A3956D46DE8}") = "build", "build", "{38E97CAA-B0BB-4DF6-B1F3-62972C7AA06B}"
	ProjectSection(SolutionItems) = preProject
		..\build.settings.props = ..\build.settings.props
		..\deploy.settings.props = ..\deploy.settings.props
		..\entrypoint.msbuild = ..\entrypoint.msbuild
		..\environment.props = ..\environment.props
		..\settings.props = ..\settings.props
		..\test.settings.props = ..\test.settings.props
	EndProjectSection
EndProject
Project("{FAE04EC0-301F-11D3-BF4B-00C04F79EFBC}") = "Metamorphic.Server", "Metamorphic.Server\Metamorphic.Server.csproj", "{5083E0C3-486C-48D7-971C-7F04CEC98B11}"
EndProject
Project("{FAE04EC0-301F-11D3-BF4B-00C04F79EFBC}") = "Metamorphic.Core", "Metamorphic.Core\Metamorphic.Core.csproj", "{48FD1176-8944-4424-911F-76903B0BD61F}"
EndProject
Project("{FAE04EC0-301F-11D3-BF4B-00C04F79EFBC}") = "Test.Unit.Core", "Test.Unit.Core\Test.Unit.Core.csproj", "{6DC017A8-C1B9-48FD-BDB4-968F33008639}"
EndProject
Project("{2150E333-8FDC-42A3-9474-1A3956D46DE8}") = "samples", "samples", "{967CA499-1EFE-4BBB-81AC-24C8BAE26854}"
	ProjectSection(SolutionItems) = preProject
		..\samples\example.mmrule = ..\samples\example.mmrule
	EndProjectSection
EndProject
Project("{FAE04EC0-301F-11D3-BF4B-00C04F79EFBC}") = "Test.Unit.Server", "Test.Unit.Server\Test.Unit.Server.csproj", "{63A5EAAC-305B-461E-A5E5-A5FF70FB986F}"
EndProject
Project("{2150E333-8FDC-42A3-9474-1A3956D46DE8}") = "project", "project", "{B658E693-98FC-40DF-B017-46F8296A4F56}"
	ProjectSection(SolutionItems) = preProject
		..\LICENSE = ..\LICENSE
		..\README.md = ..\README.md
		..\Settings.StyleCop = ..\Settings.StyleCop
	EndProjectSection
EndProject
Project("{2150E333-8FDC-42A3-9474-1A3956D46DE8}") = "vcs", "vcs", "{E14ECB1F-1DF7-44D9-9063-6A7998CBB5F0}"
	ProjectSection(SolutionItems) = preProject
		..\.gitattributes = ..\.gitattributes
		..\.gitignore = ..\.gitignore
	EndProjectSection
EndProject
Project("{2150E333-8FDC-42A3-9474-1A3956D46DE8}") = "nuget", "nuget", "{B187B696-12D5-40CE-983A-0AFAC8218AEC}"
	ProjectSection(SolutionItems) = preProject
		..\nuget.config = ..\nuget.config
		..\packages.config = ..\packages.config
	EndProjectSection
EndProject
Project("{FAE04EC0-301F-11D3-BF4B-00C04F79EFBC}") = "Metamorphic.Core.Queueing", "Metamorphic.Core.Queueing\Metamorphic.Core.Queueing.csproj", "{113B00BC-537A-4AE7-B844-FBF18F1A4E20}"
EndProject
Project("{FAE04EC0-301F-11D3-BF4B-00C04F79EFBC}") = "Test.Unit.Core.Queueing", "Test.Unit.Core.Queueing\Test.Unit.Core.Queueing.csproj", "{9A388CFC-0200-43FE-8118-B16E8179E12B}"
EndProject
Global
	GlobalSection(SolutionConfigurationPlatforms) = preSolution
		Debug|Any CPU = Debug|Any CPU
		Deploy|Any CPU = Deploy|Any CPU
		Release|Any CPU = Release|Any CPU
	EndGlobalSection
	GlobalSection(ProjectConfigurationPlatforms) = postSolution
		{5083E0C3-486C-48D7-971C-7F04CEC98B11}.Debug|Any CPU.ActiveCfg = Debug|Any CPU
		{5083E0C3-486C-48D7-971C-7F04CEC98B11}.Debug|Any CPU.Build.0 = Debug|Any CPU
		{5083E0C3-486C-48D7-971C-7F04CEC98B11}.Deploy|Any CPU.ActiveCfg = Debug|Any CPU
		{5083E0C3-486C-48D7-971C-7F04CEC98B11}.Deploy|Any CPU.Build.0 = Debug|Any CPU
		{5083E0C3-486C-48D7-971C-7F04CEC98B11}.Release|Any CPU.ActiveCfg = Release|Any CPU
		{5083E0C3-486C-48D7-971C-7F04CEC98B11}.Release|Any CPU.Build.0 = Release|Any CPU
		{48FD1176-8944-4424-911F-76903B0BD61F}.Debug|Any CPU.ActiveCfg = Debug|Any CPU
		{48FD1176-8944-4424-911F-76903B0BD61F}.Debug|Any CPU.Build.0 = Debug|Any CPU
		{48FD1176-8944-4424-911F-76903B0BD61F}.Deploy|Any CPU.ActiveCfg = Debug|Any CPU
		{48FD1176-8944-4424-911F-76903B0BD61F}.Deploy|Any CPU.Build.0 = Debug|Any CPU
		{48FD1176-8944-4424-911F-76903B0BD61F}.Release|Any CPU.ActiveCfg = Release|Any CPU
		{48FD1176-8944-4424-911F-76903B0BD61F}.Release|Any CPU.Build.0 = Release|Any CPU
		{6DC017A8-C1B9-48FD-BDB4-968F33008639}.Debug|Any CPU.ActiveCfg = Debug|Any CPU
		{6DC017A8-C1B9-48FD-BDB4-968F33008639}.Debug|Any CPU.Build.0 = Debug|Any CPU
		{6DC017A8-C1B9-48FD-BDB4-968F33008639}.Deploy|Any CPU.ActiveCfg = Debug|Any CPU
		{6DC017A8-C1B9-48FD-BDB4-968F33008639}.Release|Any CPU.ActiveCfg = Release|Any CPU
		{6DC017A8-C1B9-48FD-BDB4-968F33008639}.Release|Any CPU.Build.0 = Release|Any CPU
		{63A5EAAC-305B-461E-A5E5-A5FF70FB986F}.Debug|Any CPU.ActiveCfg = Debug|Any CPU
		{63A5EAAC-305B-461E-A5E5-A5FF70FB986F}.Debug|Any CPU.Build.0 = Debug|Any CPU
		{63A5EAAC-305B-461E-A5E5-A5FF70FB986F}.Deploy|Any CPU.ActiveCfg = Debug|Any CPU
		{63A5EAAC-305B-461E-A5E5-A5FF70FB986F}.Release|Any CPU.ActiveCfg = Release|Any CPU
		{63A5EAAC-305B-461E-A5E5-A5FF70FB986F}.Release|Any CPU.Build.0 = Release|Any CPU
		{113B00BC-537A-4AE7-B844-FBF18F1A4E20}.Debug|Any CPU.ActiveCfg = Debug|Any CPU
		{113B00BC-537A-4AE7-B844-FBF18F1A4E20}.Debug|Any CPU.Build.0 = Debug|Any CPU
		{113B00BC-537A-4AE7-B844-FBF18F1A4E20}.Deploy|Any CPU.ActiveCfg = Debug|Any CPU
		{113B00BC-537A-4AE7-B844-FBF18F1A4E20}.Deploy|Any CPU.Build.0 = Debug|Any CPU
		{113B00BC-537A-4AE7-B844-FBF18F1A4E20}.Release|Any CPU.ActiveCfg = Release|Any CPU
		{113B00BC-537A-4AE7-B844-FBF18F1A4E20}.Release|Any CPU.Build.0 = Release|Any CPU
		{9A388CFC-0200-43FE-8118-B16E8179E12B}.Debug|Any CPU.ActiveCfg = Debug|Any CPU
		{9A388CFC-0200-43FE-8118-B16E8179E12B}.Debug|Any CPU.Build.0 = Debug|Any CPU
		{9A388CFC-0200-43FE-8118-B16E8179E12B}.Deploy|Any CPU.ActiveCfg = Debug|Any CPU
		{9A388CFC-0200-43FE-8118-B16E8179E12B}.Deploy|Any CPU.Build.0 = Debug|Any CPU
		{9A388CFC-0200-43FE-8118-B16E8179E12B}.Release|Any CPU.ActiveCfg = Release|Any CPU
		{9A388CFC-0200-43FE-8118-B16E8179E12B}.Release|Any CPU.Build.0 = Release|Any CPU
	EndGlobalSection
	GlobalSection(SolutionProperties) = preSolution
		HideSolutionNode = FALSE
	EndGlobalSection
	GlobalSection(NestedProjects) = preSolution
		{38E97CAA-B0BB-4DF6-B1F3-62972C7AA06B} = {B658E693-98FC-40DF-B017-46F8296A4F56}
		{E14ECB1F-1DF7-44D9-9063-6A7998CBB5F0} = {B658E693-98FC-40DF-B017-46F8296A4F56}
		{B187B696-12D5-40CE-983A-0AFAC8218AEC} = {B658E693-98FC-40DF-B017-46F8296A4F56}
	EndGlobalSection
EndGlobal
